github.com/davecgh/go-spew v1.1.1/go.mod h1:J7Y8YcW2NihsgmVo/mv3lAwl/skON4iLHjSsI+c5H38=
github.com/lib/pq v1.3.0/go.mod h1:5WUZQaWbwv1U+lTReE5YruASi9Al49XbQIvNi/34Woo=
github.com/mitranim/refut v0.1.2 h1:PkJkJC8eWh0shCrrYJBJlN2BYa0oY+v5r0iTUs3haRc=
github.com/mitranim/refut v0.1.2/go.mod h1:9O95AVuyyTxuGH1qXSzuzu0YWWGKKWFYsfHTSX3L1ls=
