github.com/lib/pq v1.3.0 h1:/qkRGz8zljWiDcFvgpwUpwIAPu3r07TDvs3Rws+o/pU=
github.com/lib/pq v1.3.0/go.mod h1:5WUZQaWbwv1U+lTReE5YruASi9Al49XbQIvNi/34Woo=
github.com/mitranim/refut v0.1.2/go.mod h1:9O95AVuyyTxuGH1qXSzuzu0YWWGKKWFYsfHTSX3L1ls=
github.com/mitranim/refut v0.1.3 h1:7rD56p7lQNysC6kkg+eRVU1OK0SovhiYvC/zfadmK5s=
github.com/mitranim/refut v0.1.3/go.mod h1:9O95AVuyyTxuGH1qXSzuzu0YWWGKKWFYsfHTSX3L1ls=
github.com/mitranim/sqlb v0.1.16 h1:OBWHK21BMstA5cOvZs6zGk5Y6KSKHJ82VsY8voeC8OE=
github.com/mitranim/sqlb v0.1.16/go.mod h1:yhkClmuvLYqXDBXROLGF1PyrvtH8SVXZAM0wiO41hfk=
github.com/mitranim/sqlp v0.1.4 h1:76Evw8lwaRL/Jh3I/NlDKnQI+TkM2qebiB+XUXMmfKQ=
github.com/mitranim/sqlp v0.1.4/go.mod h1:vrhmoh9WgH5W1aAdte8pIPNYFR6xtXAS6yVOmMIwwU8=
